
Microsoft Visual Studio Solution File, Format Version 12.00
# Visual Studio Version 17
VisualStudioVersion = 17.14.36603.0
MinimumVisualStudioVersion = 10.0.40219.1
Project("{2150E333-8FDC-42A3-9474-1A3956D46DE8}") = "Task0", "Task0", "{02EA681E-C7D8-13C7-8484-4AC65E1B71E8}"
EndProject
Project("{FAE04EC0-301F-11D3-BF4B-00C04F79EFBC}") = "Tyuiu.KislayaVA.Sprint3.Task0.V22", "Tyuiu.KislayaVA.Sprint3.Task0.V22\Tyuiu.KislayaVA.Sprint3.Task0.V22.csproj", "{0836842A-336A-4CB0-96FD-783307F21AE1}"
EndProject
Project("{FAE04EC0-301F-11D3-BF4B-00C04F79EFBC}") = "Tyuiu.KislayaVA.Sprint3.Task0.V22.Test", "Tyuiu.KislayaVA.Sprint3.Task0.V22.Test\Tyuiu.KislayaVA.Sprint3.Task0.V22.Test.csproj", "{43684671-EA24-42BF-ABCA-14780A658A66}"
EndProject
Project("{FAE04EC0-301F-11D3-BF4B-00C04F79EFBC}") = "Tyuiu.KislayaVA.Sprint3.Task0.V22.Lib", "Tyuiu.KislayaVA.Sprint3.Task0.V22.Lib\Tyuiu.KislayaVA.Sprint3.Task0.V22.Lib.csproj", "{3D38544F-E330-49AE-BBBF-A08CB5C2CD58}"
EndProject
Project("{2150E333-8FDC-42A3-9474-1A3956D46DE8}") = "Task3", "Task3", "{9FBAC19F-064B-4741-93F5-CF5E993F3592}"
EndProject
Project("{FAE04EC0-301F-11D3-BF4B-00C04F79EFBC}") = "Tyuiu.KislayaVA.Sprint3.Task3.V29", "Tyuiu.KislayaVA.Sprint3.Task3.V29\Tyuiu.KislayaVA.Sprint3.Task3.V29.csproj", "{464DEBD5-166C-4D47-ACAC-0F27E6BEFE3B}"
EndProject
Project("{FAE04EC0-301F-11D3-BF4B-00C04F79EFBC}") = "Tyuiu.KislayaVA.Sprint3.Task3.V29.Lib", "Tyuiu.KislayaVA.Sprint3.Task3.V29.Lib\Tyuiu.KislayaVA.Sprint3.Task3.V29.Lib.csproj", "{30A4D4C0-D857-49B1-8960-9FFBE123D1A2}"
EndProject
Project("{FAE04EC0-301F-11D3-BF4B-00C04F79EFBC}") = "Tyuiu.KislayaVA.Sprint3.Task3.V29.Test", "Tyuiu.KislayaVA.Sprint3.Task3.V29.Test\Tyuiu.KislayaVA.Sprint3.Task3.V29.Test.csproj", "{8E6D058A-46E9-4D0D-B6D1-888FD38D4F69}"
EndProject
Project("{2150E333-8FDC-42A3-9474-1A3956D46DE8}") = "task4", "task4", "{260DF77A-BF11-4B45-AE59-A19C3044AF1A}"
EndProject
Project("{FAE04EC0-301F-11D3-BF4B-00C04F79EFBC}") = "Tyuiu.KislayaVA.Sprint3.Task4.V4", "Tyuiu.KislayaVA.Sprint3.Task4.V4\Tyuiu.KislayaVA.Sprint3.Task4.V4.csproj", "{7598964C-015B-4FA6-907D-AA683ECD3636}"
EndProject
Project("{FAE04EC0-301F-11D3-BF4B-00C04F79EFBC}") = "Tyuiu.KislayaVA.Sprint3.Task4.V4.Test", "Tyuiu.KislayaVA.Sprint3.Task4.V4.Test\Tyuiu.KislayaVA.Sprint3.Task4.V4.Test.csproj", "{E2E7F918-C852-4EA7-8EF8-A1EC60AFA6E2}"
EndProject
Project("{FAE04EC0-301F-11D3-BF4B-00C04F79EFBC}") = "Tyuiu.KislayaVA.Sprint3.Task4.V4.Lib", "Tyuiu.KislayaVA.Sprint3.Task4.V4.Lib\Tyuiu.KislayaVA.Sprint3.Task4.V4.Lib.csproj", "{E80FE200-A2AA-4004-BDAF-0F97723B2FED}"
EndProject
Project("{2150E333-8FDC-42A3-9474-1A3956D46DE8}") = "Task5", "Task5", "{9F69C06B-65E7-4F64-BF42-B94B98263A21}"
EndProject
Project("{2150E333-8FDC-42A3-9474-1A3956D46DE8}") = "Task6", "Task6", "{C3C0D5A2-C8EB-4AFA-B203-283D7FB35BCB}"
EndProject
Project("{2150E333-8FDC-42A3-9474-1A3956D46DE8}") = "Task7", "Task7", "{011677E5-F9EF-4160-A100-69E0B66D8218}"
EndProject
Project("{2150E333-8FDC-42A3-9474-1A3956D46DE8}") = "Task1", "Task1", "{B9CA2CCD-874D-4AEE-BD8F-97CE2D61E66C}"
EndProject
Project("{2150E333-8FDC-42A3-9474-1A3956D46DE8}") = "Task2", "Task2", "{55558C05-DF4C-4915-B816-F5082BA40046}"
EndProject
Project("{FAE04EC0-301F-11D3-BF4B-00C04F79EFBC}") = "Tyuiu.KislayaVA.Sprint3.Task5.V5", "Tyuiu.KislayaVA.Sprint3.Task5.V5\Tyuiu.KislayaVA.Sprint3.Task5.V5.csproj", "{C40CFC93-E0F4-46AF-AD99-BAC895D76D6F}"
EndProject
Project("{FAE04EC0-301F-11D3-BF4B-00C04F79EFBC}") = "Tyuiu.KislayaVA.Sprint3.Task5.V5.Lib", "Tyuiu.KislayaVA.Sprint3.Task5.V5.Lib\Tyuiu.KislayaVA.Sprint3.Task5.V5.Lib.csproj", "{A2626078-DAE1-43AD-B6FF-AC884577314C}"
EndProject
Project("{FAE04EC0-301F-11D3-BF4B-00C04F79EFBC}") = "Tyuiu.KislayaVA.Sprint3.Task5.V5.Test", "Tyuiu.KislayaVA.Sprint3.Task5.V5.Test\Tyuiu.KislayaVA.Sprint3.Task5.V5.Test.csproj", "{B0B94150-A506-41CC-92F6-707A7DAC050E}"
EndProject
Project("{FAE04EC0-301F-11D3-BF4B-00C04F79EFBC}") = "Tyuiu.KislayaVA.Sprint3.Task6.V13", "Tyuiu.KislayaVA.Sprint3.Task6.V13\Tyuiu.KislayaVA.Sprint3.Task6.V13.csproj", "{AEEA9CB6-935D-48B6-962D-A85928DB3195}"
EndProject
Project("{FAE04EC0-301F-11D3-BF4B-00C04F79EFBC}") = "Tyuiu.KislayaVA.Sprint3.Task6.V13.Test", "Tyuiu.KislayaVA.Sprint3.Task6.V13.Test\Tyuiu.KislayaVA.Sprint3.Task6.V13.Test.csproj", "{BB66D677-42BD-4FB7-BD6E-4E38A986C6F5}"
EndProject
Project("{FAE04EC0-301F-11D3-BF4B-00C04F79EFBC}") = "Tyuiu.KislayaVA.Sprint3.Task6.V13.Lib", "Tyuiu.KislayaVA.Sprint3.Task6.V13.Lib\Tyuiu.KislayaVA.Sprint3.Task6.V13.Lib.csproj", "{2FD267A0-71BD-42F8-8A94-D94747CE29CF}"
EndProject
Project("{FAE04EC0-301F-11D3-BF4B-00C04F79EFBC}") = "Tyuiu.KislayaVA.Sprint3.Task7.V5", "Tyuiu.KislayaVA.Sprint3.Task7.V5\Tyuiu.KislayaVA.Sprint3.Task7.V5.csproj", "{34EF5BC6-32F7-4B2F-BB20-B92B47754891}"
EndProject
Project("{FAE04EC0-301F-11D3-BF4B-00C04F79EFBC}") = "Tyuiu.KislayaVA.Sprint3.Task7.V5.Lib", "Tyuiu.KislayaVA.Sprint3.Task7.V5.Lib\Tyuiu.KislayaVA.Sprint3.Task7.V5.Lib.csproj", "{695A45AE-A0A2-45BD-8646-A4EDC8727278}"
EndProject
Project("{FAE04EC0-301F-11D3-BF4B-00C04F79EFBC}") = "Tyuiu.KislayaVA.Sprint3.Task7.V5.Test", "Tyuiu.KislayaVA.Sprint3.Task7.V5.Test\Tyuiu.KislayaVA.Sprint3.Task7.V5.Test.csproj", "{C5268BB2-87DB-4966-91A1-442C0CA68668}"
EndProject
Project("{FAE04EC0-301F-11D3-BF4B-00C04F79EFBC}") = "Tyuiu.KislayaVA.Sprint3.Task1.V28", "Tyuiu.KislayaVA.Sprint3.Task1.V28\Tyuiu.KislayaVA.Sprint3.Task1.V28.csproj", "{0F0D7694-526D-4AC6-8E42-86AAA92F08CA}"
EndProject
Project("{FAE04EC0-301F-11D3-BF4B-00C04F79EFBC}") = "Tyuiu.KislayaVA.Sprint3.Task1.V28.Test", "Tyuiu.KislayaVA.Sprint3.Task1.V28.Test\Tyuiu.KislayaVA.Sprint3.Task1.V28.Test.csproj", "{2C5410F0-C50A-4C7C-8E7B-6FE526D7F701}"
EndProject
Project("{FAE04EC0-301F-11D3-BF4B-00C04F79EFBC}") = "Tyuiu.KislayaVA.Sprint3.Task1.V28.Lib", "Tyuiu.KislayaVA.Sprint3.Task1.V28.Lib\Tyuiu.KislayaVA.Sprint3.Task1.V28.Lib.csproj", "{24FB234F-36F0-4C6D-8494-6463497DA84C}"
EndProject
Project("{FAE04EC0-301F-11D3-BF4B-00C04F79EFBC}") = "Tyuiu.KislayaVA.Sprint3.Task2.V8", "Tyuiu.KislayaVA.Sprint3.Task2.V8\Tyuiu.KislayaVA.Sprint3.Task2.V8.csproj", "{DF1402D9-C32F-4FDF-A1FE-7C54E0C37A2E}"
EndProject
Project("{FAE04EC0-301F-11D3-BF4B-00C04F79EFBC}") = "Tyuiu.KislayaVA.Sprint3.Task2.V8.Lib", "Tyuiu.KislayaVA.Sprint3.Task2.V8.Lib\Tyuiu.KislayaVA.Sprint3.Task2.V8.Lib.csproj", "{0088A681-ED2B-4B21-85AF-FD4657D964EE}"
EndProject
Project("{FAE04EC0-301F-11D3-BF4B-00C04F79EFBC}") = "Tyuiu.KislayaVA.Sprint3.Task2.V8.Test", "Tyuiu.KislayaVA.Sprint3.Task2.V8.Test\Tyuiu.KislayaVA.Sprint3.Task2.V8.Test.csproj", "{8DCD33E6-3785-44D8-B7E1-8CA413C06E75}"
EndProject
Global
	GlobalSection(SolutionConfigurationPlatforms) = preSolution
		Debug|Any CPU = Debug|Any CPU
		Release|Any CPU = Release|Any CPU
	EndGlobalSection
	GlobalSection(ProjectConfigurationPlatforms) = postSolution
		{0836842A-336A-4CB0-96FD-783307F21AE1}.Debug|Any CPU.ActiveCfg = Debug|Any CPU
		{0836842A-336A-4CB0-96FD-783307F21AE1}.Debug|Any CPU.Build.0 = Debug|Any CPU
		{0836842A-336A-4CB0-96FD-783307F21AE1}.Release|Any CPU.ActiveCfg = Release|Any CPU
		{0836842A-336A-4CB0-96FD-783307F21AE1}.Release|Any CPU.Build.0 = Release|Any CPU
		{43684671-EA24-42BF-ABCA-14780A658A66}.Debug|Any CPU.ActiveCfg = Debug|Any CPU
		{43684671-EA24-42BF-ABCA-14780A658A66}.Debug|Any CPU.Build.0 = Debug|Any CPU
		{43684671-EA24-42BF-ABCA-14780A658A66}.Release|Any CPU.ActiveCfg = Release|Any CPU
		{43684671-EA24-42BF-ABCA-14780A658A66}.Release|Any CPU.Build.0 = Release|Any CPU
		{3D38544F-E330-49AE-BBBF-A08CB5C2CD58}.Debug|Any CPU.ActiveCfg = Debug|Any CPU
		{3D38544F-E330-49AE-BBBF-A08CB5C2CD58}.Debug|Any CPU.Build.0 = Debug|Any CPU
		{3D38544F-E330-49AE-BBBF-A08CB5C2CD58}.Release|Any CPU.ActiveCfg = Release|Any CPU
		{3D38544F-E330-49AE-BBBF-A08CB5C2CD58}.Release|Any CPU.Build.0 = Release|Any CPU
		{464DEBD5-166C-4D47-ACAC-0F27E6BEFE3B}.Debug|Any CPU.ActiveCfg = Debug|Any CPU
		{464DEBD5-166C-4D47-ACAC-0F27E6BEFE3B}.Debug|Any CPU.Build.0 = Debug|Any CPU
		{464DEBD5-166C-4D47-ACAC-0F27E6BEFE3B}.Release|Any CPU.ActiveCfg = Release|Any CPU
		{464DEBD5-166C-4D47-ACAC-0F27E6BEFE3B}.Release|Any CPU.Build.0 = Release|Any CPU
		{30A4D4C0-D857-49B1-8960-9FFBE123D1A2}.Debug|Any CPU.ActiveCfg = Debug|Any CPU
		{30A4D4C0-D857-49B1-8960-9FFBE123D1A2}.Debug|Any CPU.Build.0 = Debug|Any CPU
		{30A4D4C0-D857-49B1-8960-9FFBE123D1A2}.Release|Any CPU.ActiveCfg = Release|Any CPU
		{30A4D4C0-D857-49B1-8960-9FFBE123D1A2}.Release|Any CPU.Build.0 = Release|Any CPU
		{8E6D058A-46E9-4D0D-B6D1-888FD38D4F69}.Debug|Any CPU.ActiveCfg = Debug|Any CPU
		{8E6D058A-46E9-4D0D-B6D1-888FD38D4F69}.Debug|Any CPU.Build.0 = Debug|Any CPU
		{8E6D058A-46E9-4D0D-B6D1-888FD38D4F69}.Release|Any CPU.ActiveCfg = Release|Any CPU
		{8E6D058A-46E9-4D0D-B6D1-888FD38D4F69}.Release|Any CPU.Build.0 = Release|Any CPU
		{7598964C-015B-4FA6-907D-AA683ECD3636}.Debug|Any CPU.ActiveCfg = Debug|Any CPU
		{7598964C-015B-4FA6-907D-AA683ECD3636}.Debug|Any CPU.Build.0 = Debug|Any CPU
		{7598964C-015B-4FA6-907D-AA683ECD3636}.Release|Any CPU.ActiveCfg = Release|Any CPU
		{7598964C-015B-4FA6-907D-AA683ECD3636}.Release|Any CPU.Build.0 = Release|Any CPU
		{E2E7F918-C852-4EA7-8EF8-A1EC60AFA6E2}.Debug|Any CPU.ActiveCfg = Debug|Any CPU
		{E2E7F918-C852-4EA7-8EF8-A1EC60AFA6E2}.Debug|Any CPU.Build.0 = Debug|Any CPU
		{E2E7F918-C852-4EA7-8EF8-A1EC60AFA6E2}.Release|Any CPU.ActiveCfg = Release|Any CPU
		{E2E7F918-C852-4EA7-8EF8-A1EC60AFA6E2}.Release|Any CPU.Build.0 = Release|Any CPU
		{E80FE200-A2AA-4004-BDAF-0F97723B2FED}.Debug|Any CPU.ActiveCfg = Debug|Any CPU
		{E80FE200-A2AA-4004-BDAF-0F97723B2FED}.Debug|Any CPU.Build.0 = Debug|Any CPU
		{E80FE200-A2AA-4004-BDAF-0F97723B2FED}.Release|Any CPU.ActiveCfg = Release|Any CPU
		{E80FE200-A2AA-4004-BDAF-0F97723B2FED}.Release|Any CPU.Build.0 = Release|Any CPU
		{C40CFC93-E0F4-46AF-AD99-BAC895D76D6F}.Debug|Any CPU.ActiveCfg = Debug|Any CPU
		{C40CFC93-E0F4-46AF-AD99-BAC895D76D6F}.Debug|Any CPU.Build.0 = Debug|Any CPU
		{C40CFC93-E0F4-46AF-AD99-BAC895D76D6F}.Release|Any CPU.ActiveCfg = Release|Any CPU
		{C40CFC93-E0F4-46AF-AD99-BAC895D76D6F}.Release|Any CPU.Build.0 = Release|Any CPU
		{A2626078-DAE1-43AD-B6FF-AC884577314C}.Debug|Any CPU.ActiveCfg = Debug|Any CPU
		{A2626078-DAE1-43AD-B6FF-AC884577314C}.Debug|Any CPU.Build.0 = Debug|Any CPU
		{A2626078-DAE1-43AD-B6FF-AC884577314C}.Release|Any CPU.ActiveCfg = Release|Any CPU
		{A2626078-DAE1-43AD-B6FF-AC884577314C}.Release|Any CPU.Build.0 = Release|Any CPU
		{B0B94150-A506-41CC-92F6-707A7DAC050E}.Debug|Any CPU.ActiveCfg = Debug|Any CPU
		{B0B94150-A506-41CC-92F6-707A7DAC050E}.Debug|Any CPU.Build.0 = Debug|Any CPU
		{B0B94150-A506-41CC-92F6-707A7DAC050E}.Release|Any CPU.ActiveCfg = Release|Any CPU
		{B0B94150-A506-41CC-92F6-707A7DAC050E}.Release|Any CPU.Build.0 = Release|Any CPU
		{AEEA9CB6-935D-48B6-962D-A85928DB3195}.Debug|Any CPU.ActiveCfg = Debug|Any CPU
		{AEEA9CB6-935D-48B6-962D-A85928DB3195}.Debug|Any CPU.Build.0 = Debug|Any CPU
		{AEEA9CB6-935D-48B6-962D-A85928DB3195}.Release|Any CPU.ActiveCfg = Release|Any CPU
		{AEEA9CB6-935D-48B6-962D-A85928DB3195}.Release|Any CPU.Build.0 = Release|Any CPU
		{BB66D677-42BD-4FB7-BD6E-4E38A986C6F5}.Debug|Any CPU.ActiveCfg = Debug|Any CPU
		{BB66D677-42BD-4FB7-BD6E-4E38A986C6F5}.Debug|Any CPU.Build.0 = Debug|Any CPU
		{BB66D677-42BD-4FB7-BD6E-4E38A986C6F5}.Release|Any CPU.ActiveCfg = Release|Any CPU
		{BB66D677-42BD-4FB7-BD6E-4E38A986C6F5}.Release|Any CPU.Build.0 = Release|Any CPU
		{2FD267A0-71BD-42F8-8A94-D94747CE29CF}.Debug|Any CPU.ActiveCfg = Debug|Any CPU
		{2FD267A0-71BD-42F8-8A94-D94747CE29CF}.Debug|Any CPU.Build.0 = Debug|Any CPU
		{2FD267A0-71BD-42F8-8A94-D94747CE29CF}.Release|Any CPU.ActiveCfg = Release|Any CPU
		{2FD267A0-71BD-42F8-8A94-D94747CE29CF}.Release|Any CPU.Build.0 = Release|Any CPU
		{34EF5BC6-32F7-4B2F-BB20-B92B47754891}.Debug|Any CPU.ActiveCfg = Debug|Any CPU
		{34EF5BC6-32F7-4B2F-BB20-B92B47754891}.Debug|Any CPU.Build.0 = Debug|Any CPU
		{34EF5BC6-32F7-4B2F-BB20-B92B47754891}.Release|Any CPU.ActiveCfg = Release|Any CPU
		{34EF5BC6-32F7-4B2F-BB20-B92B47754891}.Release|Any CPU.Build.0 = Release|Any CPU
		{695A45AE-A0A2-45BD-8646-A4EDC8727278}.Debug|Any CPU.ActiveCfg = Debug|Any CPU
		{695A45AE-A0A2-45BD-8646-A4EDC8727278}.Debug|Any CPU.Build.0 = Debug|Any CPU
		{695A45AE-A0A2-45BD-8646-A4EDC8727278}.Release|Any CPU.ActiveCfg = Release|Any CPU
		{695A45AE-A0A2-45BD-8646-A4EDC8727278}.Release|Any CPU.Build.0 = Release|Any CPU
		{C5268BB2-87DB-4966-91A1-442C0CA68668}.Debug|Any CPU.ActiveCfg = Debug|Any CPU
		{C5268BB2-87DB-4966-91A1-442C0CA68668}.Debug|Any CPU.Build.0 = Debug|Any CPU
		{C5268BB2-87DB-4966-91A1-442C0CA68668}.Release|Any CPU.ActiveCfg = Release|Any CPU
		{C5268BB2-87DB-4966-91A1-442C0CA68668}.Release|Any CPU.Build.0 = Release|Any CPU
		{0F0D7694-526D-4AC6-8E42-86AAA92F08CA}.Debug|Any CPU.ActiveCfg = Debug|Any CPU
		{0F0D7694-526D-4AC6-8E42-86AAA92F08CA}.Debug|Any CPU.Build.0 = Debug|Any CPU
		{0F0D7694-526D-4AC6-8E42-86AAA92F08CA}.Release|Any CPU.ActiveCfg = Release|Any CPU
		{0F0D7694-526D-4AC6-8E42-86AAA92F08CA}.Release|Any CPU.Build.0 = Release|Any CPU
		{2C5410F0-C50A-4C7C-8E7B-6FE526D7F701}.Debug|Any CPU.ActiveCfg = Debug|Any CPU
		{2C5410F0-C50A-4C7C-8E7B-6FE526D7F701}.Debug|Any CPU.Build.0 = Debug|Any CPU
		{2C5410F0-C50A-4C7C-8E7B-6FE526D7F701}.Release|Any CPU.ActiveCfg = Release|Any CPU
		{2C5410F0-C50A-4C7C-8E7B-6FE526D7F701}.Release|Any CPU.Build.0 = Release|Any CPU
		{24FB234F-36F0-4C6D-8494-6463497DA84C}.Debug|Any CPU.ActiveCfg = Debug|Any CPU
		{24FB234F-36F0-4C6D-8494-6463497DA84C}.Debug|Any CPU.Build.0 = Debug|Any CPU
		{24FB234F-36F0-4C6D-8494-6463497DA84C}.Release|Any CPU.ActiveCfg = Release|Any CPU
		{24FB234F-36F0-4C6D-8494-6463497DA84C}.Release|Any CPU.Build.0 = Release|Any CPU
		{DF1402D9-C32F-4FDF-A1FE-7C54E0C37A2E}.Debug|Any CPU.ActiveCfg = Debug|Any CPU
		{DF1402D9-C32F-4FDF-A1FE-7C54E0C37A2E}.Debug|Any CPU.Build.0 = Debug|Any CPU
		{DF1402D9-C32F-4FDF-A1FE-7C54E0C37A2E}.Release|Any CPU.ActiveCfg = Release|Any CPU
		{DF1402D9-C32F-4FDF-A1FE-7C54E0C37A2E}.Release|Any CPU.Build.0 = Release|Any CPU
		{0088A681-ED2B-4B21-85AF-FD4657D964EE}.Debug|Any CPU.ActiveCfg = Debug|Any CPU
		{0088A681-ED2B-4B21-85AF-FD4657D964EE}.Debug|Any CPU.Build.0 = Debug|Any CPU
		{0088A681-ED2B-4B21-85AF-FD4657D964EE}.Release|Any CPU.ActiveCfg = Release|Any CPU
		{0088A681-ED2B-4B21-85AF-FD4657D964EE}.Release|Any CPU.Build.0 = Release|Any CPU
		{8DCD33E6-3785-44D8-B7E1-8CA413C06E75}.Debug|Any CPU.ActiveCfg = Debug|Any CPU
		{8DCD33E6-3785-44D8-B7E1-8CA413C06E75}.Debug|Any CPU.Build.0 = Debug|Any CPU
		{8DCD33E6-3785-44D8-B7E1-8CA413C06E75}.Release|Any CPU.ActiveCfg = Release|Any CPU
		{8DCD33E6-3785-44D8-B7E1-8CA413C06E75}.Release|Any CPU.Build.0 = Release|Any CPU
	EndGlobalSection
	GlobalSection(SolutionProperties) = preSolution
		HideSolutionNode = FALSE
	EndGlobalSection
	GlobalSection(NestedProjects) = preSolution
		{0836842A-336A-4CB0-96FD-783307F21AE1} = {02EA681E-C7D8-13C7-8484-4AC65E1B71E8}
		{43684671-EA24-42BF-ABCA-14780A658A66} = {02EA681E-C7D8-13C7-8484-4AC65E1B71E8}
		{3D38544F-E330-49AE-BBBF-A08CB5C2CD58} = {02EA681E-C7D8-13C7-8484-4AC65E1B71E8}
		{464DEBD5-166C-4D47-ACAC-0F27E6BEFE3B} = {9FBAC19F-064B-4741-93F5-CF5E993F3592}
		{30A4D4C0-D857-49B1-8960-9FFBE123D1A2} = {9FBAC19F-064B-4741-93F5-CF5E993F3592}
		{8E6D058A-46E9-4D0D-B6D1-888FD38D4F69} = {9FBAC19F-064B-4741-93F5-CF5E993F3592}
		{7598964C-015B-4FA6-907D-AA683ECD3636} = {260DF77A-BF11-4B45-AE59-A19C3044AF1A}
		{E2E7F918-C852-4EA7-8EF8-A1EC60AFA6E2} = {260DF77A-BF11-4B45-AE59-A19C3044AF1A}
		{E80FE200-A2AA-4004-BDAF-0F97723B2FED} = {260DF77A-BF11-4B45-AE59-A19C3044AF1A}
		{C40CFC93-E0F4-46AF-AD99-BAC895D76D6F} = {9F69C06B-65E7-4F64-BF42-B94B98263A21}
		{A2626078-DAE1-43AD-B6FF-AC884577314C} = {9F69C06B-65E7-4F64-BF42-B94B98263A21}
		{B0B94150-A506-41CC-92F6-707A7DAC050E} = {9F69C06B-65E7-4F64-BF42-B94B98263A21}
		{AEEA9CB6-935D-48B6-962D-A85928DB3195} = {C3C0D5A2-C8EB-4AFA-B203-283D7FB35BCB}
		{BB66D677-42BD-4FB7-BD6E-4E38A986C6F5} = {C3C0D5A2-C8EB-4AFA-B203-283D7FB35BCB}
		{2FD267A0-71BD-42F8-8A94-D94747CE29CF} = {C3C0D5A2-C8EB-4AFA-B203-283D7FB35BCB}
		{34EF5BC6-32F7-4B2F-BB20-B92B47754891} = {011677E5-F9EF-4160-A100-69E0B66D8218}
		{695A45AE-A0A2-45BD-8646-A4EDC8727278} = {011677E5-F9EF-4160-A100-69E0B66D8218}
		{C5268BB2-87DB-4966-91A1-442C0CA68668} = {011677E5-F9EF-4160-A100-69E0B66D8218}
		{0F0D7694-526D-4AC6-8E42-86AAA92F08CA} = {B9CA2CCD-874D-4AEE-BD8F-97CE2D61E66C}
		{2C5410F0-C50A-4C7C-8E7B-6FE526D7F701} = {B9CA2CCD-874D-4AEE-BD8F-97CE2D61E66C}
		{24FB234F-36F0-4C6D-8494-6463497DA84C} = {B9CA2CCD-874D-4AEE-BD8F-97CE2D61E66C}
		{DF1402D9-C32F-4FDF-A1FE-7C54E0C37A2E} = {55558C05-DF4C-4915-B816-F5082BA40046}
		{0088A681-ED2B-4B21-85AF-FD4657D964EE} = {55558C05-DF4C-4915-B816-F5082BA40046}
		{8DCD33E6-3785-44D8-B7E1-8CA413C06E75} = {55558C05-DF4C-4915-B816-F5082BA40046}
	EndGlobalSection
	GlobalSection(ExtensibilityGlobals) = postSolution
		SolutionGuid = {A8FC7653-7D95-4B4F-A6CC-9267019D81AD}
	EndGlobalSection
EndGlobal
